
Microsoft Visual Studio Solution File, Format Version 12.00
# Visual Studio Version 17
VisualStudioVersion = 17.9.34723.18
MinimumVisualStudioVersion = 10.0.40219.1
Project("{FAE04EC0-301F-11D3-BF4B-00C04F79EFBC}") = "SocialNetwork1", "SocialNetwork1\SocialNetwork1.csproj", "{29BC5C6F-19B3-42B2-9F85-8C4D290132D9}"
EndProject
Global
	GlobalSection(SolutionConfigurationPlatforms) = preSolution
		Debug|Any CPU = Debug|Any CPU
		Release|Any CPU = Release|Any CPU
	EndGlobalSection
	GlobalSection(ProjectConfigurationPlatforms) = postSolution
		{29BC5C6F-19B3-42B2-9F85-8C4D290132D9}.Debug|Any CPU.ActiveCfg = Debug|Any CPU
		{29BC5C6F-19B3-42B2-9F85-8C4D290132D9}.Debug|Any CPU.Build.0 = Debug|Any CPU
		{29BC5C6F-19B3-42B2-9F85-8C4D290132D9}.Release|Any CPU.ActiveCfg = Release|Any CPU
		{29BC5C6F-19B3-42B2-9F85-8C4D290132D9}.Release|Any CPU.Build.0 = Release|Any CPU
	EndGlobalSection
	GlobalSection(SolutionProperties) = preSolution
		HideSolutionNode = FALSE
	EndGlobalSection
	GlobalSection(ExtensibilityGlobals) = postSolution
		SolutionGuid = {58B6C877-2A87-4B6A-90B7-B0BEBD9D287C}
	EndGlobalSection
EndGlobal
